// !$*UTF8*$!
{
	archiveVersion = 1;
	classes = {
	};
	objectVersion = 77;
	objects = {

/* Begin PBXFileReference section */
		0F1E2D3C4B5A000000000004 /* TruckRoute.app */ = {isa = PBXFileReference; explicitFileType = wrapper.application; includeInIndex = 0; path = TruckRoute.app; sourceTree = BUILT_PRODUCTS_DIR; };
		0F1E2D3C4B5A000000000011 /* TruckRouteTests.xctest */ = {isa = PBXFileReference; explicitFileType = wrapper.cfbundle; includeInIndex = 0; path = TruckRouteTests.xctest; sourceTree = BUILT_PRODUCTS_DIR; };
/* End PBXFileReference section */

/* Begin PBXFileSystemSynchronizedRootGroup section */
		0F1E2D3C4B5A00000000000F /* TruckRoute */ = {isa = PBXFileSystemSynchronizedRootGroup; path = TruckRoute; sourceTree = "<group>"; };
		0F1E2D3C4B5A000000000012 /* TruckRouteTests */ = {isa = PBXFileSystemSynchronizedRootGroup; path = TruckRouteTests; sourceTree = "<group>"; };
/* End PBXFileSystemSynchronizedRootGroup section */

/* Begin PBXFrameworksBuildPhase section */
		0F1E2D3C4B5A000000000007 /* Frameworks */ = {
			isa = PBXFrameworksBuildPhase;
			buildActionMask = 2147483647;
			files = (
			);
			runOnlyForDeploymentPostprocessing = 0;
		};
		0F1E2D3C4B5A000000000014 /* Frameworks */ = {
			isa = PBXFrameworksBuildPhase;
			buildActionMask = 2147483647;
			files = (
			);
			runOnlyForDeploymentPostprocessing = 0;
		};
/* End PBXFrameworksBuildPhase section */

/* Begin PBXContainerItemProxy section */
		0F1E2D3C4B5A00000000001A /* PBXContainerItemProxy */ = {
			isa = PBXContainerItemProxy;
			containerPortal = 0F1E2D3C4B5A000000000001 /* Project object */;
			proxyType = 1;
			remoteGlobalIDString = 0F1E2D3C4B5A000000000005;
			remoteInfo = TruckRoute;
		};
/* End PBXContainerItemProxy section */

/* Begin PBXTargetDependency section */
		0F1E2D3C4B5A000000000019 /* PBXTargetDependency */ = {
			isa = PBXTargetDependency;
			target = 0F1E2D3C4B5A000000000005 /* TruckRoute */;
			targetProxy = 0F1E2D3C4B5A00000000001A /* PBXContainerItemProxy */;
		};
/* End PBXTargetDependency section */

/* Begin PBXGroup section */
		0F1E2D3C4B5A000000000002 = {
			isa = PBXGroup;
			children = (
				0F1E2D3C4B5A00000000000F /* TruckRoute */,
				0F1E2D3C4B5A000000000012 /* TruckRouteTests */,
				0F1E2D3C4B5A000000000003 /* Products */,
			);
			sourceTree = "<group>";
		};
		0F1E2D3C4B5A000000000003 /* Products */ = {
			isa = PBXGroup;
			children = (
				0F1E2D3C4B5A000000000004 /* TruckRoute.app */,
				0F1E2D3C4B5A000000000011 /* TruckRouteTests.xctest */,
			);
			name = Products;
			sourceTree = "<group>";
		};
/* End PBXGroup section */

/* Begin PBXNativeTarget section */
		0F1E2D3C4B5A000000000005 /* TruckRoute */ = {
			isa = PBXNativeTarget;
			buildConfigurationList = 0F1E2D3C4B5A00000000000A /* Build configuration list for PBXNativeTarget "TruckRoute" */;
			buildPhases = (
				0F1E2D3C4B5A000000000006 /* Sources */,
				0F1E2D3C4B5A000000000007 /* Frameworks */,
				0F1E2D3C4B5A000000000008 /* Resources */,
			);
			buildRules = (
			);
			dependencies = (
			);
			fileSystemSynchronizedGroups = (
				0F1E2D3C4B5A00000000000F /* TruckRoute */,
			);
			name = TruckRoute;
			productName = TruckRoute;
			productReference = 0F1E2D3C4B5A000000000004 /* TruckRoute.app */;
			productType = "com.apple.product-type.application";
		};
		0F1E2D3C4B5A000000000010 /* TruckRouteTests */ = {
			isa = PBXNativeTarget;
			buildConfigurationList = 0F1E2D3C4B5A000000000016 /* Build configuration list for PBXNativeTarget "TruckRouteTests" */;
			buildPhases = (
				0F1E2D3C4B5A000000000013 /* Sources */,
				0F1E2D3C4B5A000000000014 /* Frameworks */,
				0F1E2D3C4B5A000000000015 /* Resources */,
			);
			buildRules = (
			);
			dependencies = (
				0F1E2D3C4B5A000000000019 /* PBXTargetDependency */,
			);
			fileSystemSynchronizedGroups = (
				0F1E2D3C4B5A000000000012 /* TruckRouteTests */,
			);
			name = TruckRouteTests;
			productName = TruckRouteTests;
			productReference = 0F1E2D3C4B5A000000000011 /* TruckRouteTests.xctest */;
			productType = "com.apple.product-type.bundle.unit-test";
		};
/* End PBXNativeTarget section */

/* Begin PBXProject section */
		0F1E2D3C4B5A000000000001 /* Project object */ = {
			isa = PBXProject;
			attributes = {
				BuildIndependentTargetsInParallel = 1;
				LastSwiftUpdateCheck = 1600;
				LastUpgradeCheck = 1600;
				TargetAttributes = {
					0F1E2D3C4B5A000000000005 = {
						CreatedOnToolsVersion = 16.0;
					};
					0F1E2D3C4B5A000000000010 = {
						CreatedOnToolsVersion = 16.0;
						TestTargetID = 0F1E2D3C4B5A000000000005;
					};
				};
			};
			buildConfigurationList = 0F1E2D3C4B5A000000000009 /* Build configuration list for PBXProject "TruckRoute" */;
			developmentRegion = en;
			hasScannedForEncodings = 0;
			knownRegions = (
				en,
				Base,
			);
			mainGroup = 0F1E2D3C4B5A000000000002;
			minimizedProjectReferenceProxies = 1;
			preferredProjectObjectVersion = 77;
			productRefGroup = 0F1E2D3C4B5A000000000003 /* Products */;
			projectDirPath = "";
			projectRoot = "";
			targets = (
				0F1E2D3C4B5A000000000005 /* TruckRoute */,
				0F1E2D3C4B5A000000000010 /* TruckRouteTests */,
			);
		};
/* End PBXProject section */

/* Begin PBXResourcesBuildPhase section */
		0F1E2D3C4B5A000000000008 /* Resources */ = {
			isa = PBXResourcesBuildPhase;
			buildActionMask = 2147483647;
			files = (
			);
			runOnlyForDeploymentPostprocessing = 0;
		};
		0F1E2D3C4B5A000000000015 /* Resources */ = {
			isa = PBXResourcesBuildPhase;
			buildActionMask = 2147483647;
			files = (
			);
			runOnlyForDeploymentPostprocessing = 0;
		};
/* End PBXResourcesBuildPhase section */

/* Begin PBXSourcesBuildPhase section */
		0F1E2D3C4B5A000000000006 /* Sources */ = {
			isa = PBXSourcesBuildPhase;
			buildActionMask = 2147483647;
			files = (
			);
			runOnlyForDeploymentPostprocessing = 0;
		};
		0F1E2D3C4B5A000000000013 /* Sources */ = {
			isa = PBXSourcesBuildPhase;
			buildActionMask = 2147483647;
			files = (
			);
			runOnlyForDeploymentPostprocessing = 0;
		};
/* End PBXSourcesBuildPhase section */

/* Begin XCBuildConfiguration section */
		0F1E2D3C4B5A00000000000B /* Debug */ = {
			isa = XCBuildConfiguration;
			buildSettings = {
				ALWAYS_SEARCH_USER_PATHS = NO;
				CLANG_ENABLE_MODULES = YES;
				CLANG_ENABLE_OBJC_ARC = YES;
				COPY_PHASE_STRIP = NO;
				DEBUG_INFORMATION_FORMAT = dwarf;
				ENABLE_STRICT_OBJC_MSGSEND = YES;
				ENABLE_TESTABILITY = YES;
				ENABLE_USER_SCRIPT_SANDBOXING = YES;
				GCC_C_LANGUAGE_STANDARD = gnu17;
				GCC_DYNAMIC_NO_PIC = NO;
				GCC_NO_COMMON_BLOCKS = YES;
				GCC_OPTIMIZATION_LEVEL = 0;
				GCC_PREPROCESSOR_DEFINITIONS = (
					"DEBUG=1",
					"$(inherited)",
				);
				IPHONEOS_DEPLOYMENT_TARGET = 17.0;
				MTL_ENABLE_DEBUG_INFO = INCLUDE_SOURCE;
				MTL_FAST_MATH = YES;
				ONLY_ACTIVE_ARCH = YES;
				SDKROOT = iphoneos;
				SWIFT_ACTIVE_COMPILATION_CONDITIONS = "DEBUG $(inherited)";
				SWIFT_OPTIMIZATION_LEVEL = "-Onone";
				SWIFT_VERSION = 5.0;
			};
			name = Debug;
		};
		0F1E2D3C4B5A00000000000C /* Release */ = {
			isa = XCBuildConfiguration;
			buildSettings = {
				ALWAYS_SEARCH_USER_PATHS = NO;
				CLANG_ENABLE_MODULES = YES;
				CLANG_ENABLE_OBJC_ARC = YES;
				COPY_PHASE_STRIP = NO;
				DEBUG_INFORMATION_FORMAT = "dwarf-with-dsym";
				ENABLE_NS_ASSERTIONS = NO;
				ENABLE_STRICT_OBJC_MSGSEND = YES;
				ENABLE_USER_SCRIPT_SANDBOXING = YES;
				GCC_C_LANGUAGE_STANDARD = gnu17;
				GCC_NO_COMMON_BLOCKS = YES;
				IPHONEOS_DEPLOYMENT_TARGET = 17.0;
				MTL_ENABLE_DEBUG_INFO = NO;
				MTL_FAST_MATH = YES;
				SDKROOT = iphoneos;
				SWIFT_COMPILATION_MODE = wholemodule;
				SWIFT_VERSION = 5.0;
				VALIDATE_PRODUCT = YES;
			};
			name = Release;
		};
		0F1E2D3C4B5A00000000000D /* Debug */ = {
			isa = XCBuildConfiguration;
			buildSettings = {
				ASSETCATALOG_COMPILER_GLOBAL_ACCENT_COLOR_NAME = "";
				CODE_SIGN_STYLE = Automatic;
				CURRENT_PROJECT_VERSION = 1;
				GENERATE_INFOPLIST_FILE = YES;
				INFOPLIST_KEY_UIApplicationSceneManifest_Generation = YES;
				INFOPLIST_KEY_UILaunchScreen_Generation = YES;
				INFOPLIST_KEY_UISupportedInterfaceOrientations = "UIInterfaceOrientationPortrait UIInterfaceOrientationLandscapeLeft UIInterfaceOrientationLandscapeRight";
				LD_RUNPATH_SEARCH_PATHS = (
					"$(inherited)",
					"@executable_path/Frameworks",
				);
				MARKETING_VERSION = 1.0;
				PRODUCT_BUNDLE_IDENTIFIER = com.example.TruckRoute;
				PRODUCT_NAME = "$(TARGET_NAME)";
				SWIFT_EMIT_LOC_STRINGS = YES;
				SWIFT_VERSION = 5.0;
				TARGETED_DEVICE_FAMILY = "1,2";
			};
			name = Debug;
		};
		0F1E2D3C4B5A00000000000E /* Release */ = {
			isa = XCBuildConfiguration;
			buildSettings = {
				ASSETCATALOG_COMPILER_GLOBAL_ACCENT_COLOR_NAME = "";
				CODE_SIGN_STYLE = Automatic;
				CURRENT_PROJECT_VERSION = 1;
				GENERATE_INFOPLIST_FILE = YES;
				INFOPLIST_KEY_UIApplicationSceneManifest_Generation = YES;
				INFOPLIST_KEY_UILaunchScreen_Generation = YES;
				INFOPLIST_KEY_UISupportedInterfaceOrientations = "UIInterfaceOrientationPortrait UIInterfaceOrientationLandscapeLeft UIInterfaceOrientationLandscapeRight";
				LD_RUNPATH_SEARCH_PATHS = (
					"$(inherited)",
					"@executable_path/Frameworks",
				);
				MARKETING_VERSION = 1.0;
				PRODUCT_BUNDLE_IDENTIFIER = com.example.TruckRoute;
				PRODUCT_NAME = "$(TARGET_NAME)";
				SWIFT_EMIT_LOC_STRINGS = YES;
				SWIFT_VERSION = 5.0;
				TARGETED_DEVICE_FAMILY = "1,2";
			};
			name = Release;
		};
		0F1E2D3C4B5A000000000017 /* Debug */ = {
			isa = XCBuildConfiguration;
			buildSettings = {
				BUNDLE_LOADER = "$(TEST_HOST)";
				CODE_SIGN_STYLE = Automatic;
				CURRENT_PROJECT_VERSION = 1;
				GENERATE_INFOPLIST_FILE = YES;
				MARKETING_VERSION = 1.0;
				PRODUCT_BUNDLE_IDENTIFIER = com.example.TruckRouteTests;
				PRODUCT_NAME = "$(TARGET_NAME)";
				SWIFT_EMIT_LOC_STRINGS = NO;
				SWIFT_VERSION = 5.0;
				TARGETED_DEVICE_FAMILY = "1,2";
				TEST_HOST = "$(BUILT_PRODUCTS_DIR)/TruckRoute.app/$(BUNDLE_EXECUTABLE_FOLDER_PATH)/TruckRoute";
			};
			name = Debug;
		};
		0F1E2D3C4B5A000000000018 /* Release */ = {
			isa = XCBuildConfiguration;
			buildSettings = {
				BUNDLE_LOADER = "$(TEST_HOST)";
				CODE_SIGN_STYLE = Automatic;
				CURRENT_PROJECT_VERSION = 1;
				GENERATE_INFOPLIST_FILE = YES;
				MARKETING_VERSION = 1.0;
				PRODUCT_BUNDLE_IDENTIFIER = com.example.TruckRouteTests;
				PRODUCT_NAME = "$(TARGET_NAME)";
				SWIFT_EMIT_LOC_STRINGS = NO;
				SWIFT_VERSION = 5.0;
				TARGETED_DEVICE_FAMILY = "1,2";
				TEST_HOST = "$(BUILT_PRODUCTS_DIR)/TruckRoute.app/$(BUNDLE_EXECUTABLE_FOLDER_PATH)/TruckRoute";
			};
			name = Release;
		};
/* End XCBuildConfiguration section */

/* Begin XCConfigurationList section */
		0F1E2D3C4B5A000000000009 /* Build configuration list for PBXProject "TruckRoute" */ = {
			isa = XCConfigurationList;
			buildConfigurations = (
				0F1E2D3C4B5A00000000000B /* Debug */,
				0F1E2D3C4B5A00000000000C /* Release */,
			);
			defaultConfigurationIsVisible = 0;
			defaultConfigurationName = Release;
		};
		0F1E2D3C4B5A00000000000A /* Build configuration list for PBXNativeTarget "TruckRoute" */ = {
			isa = XCConfigurationList;
			buildConfigurations = (
				0F1E2D3C4B5A00000000000D /* Debug */,
				0F1E2D3C4B5A00000000000E /* Release */,
			);
			defaultConfigurationIsVisible = 0;
			defaultConfigurationName = Release;
		};
		0F1E2D3C4B5A000000000016 /* Build configuration list for PBXNativeTarget "TruckRouteTests" */ = {
			isa = XCConfigurationList;
			buildConfigurations = (
				0F1E2D3C4B5A000000000017 /* Debug */,
				0F1E2D3C4B5A000000000018 /* Release */,
			);
			defaultConfigurationIsVisible = 0;
			defaultConfigurationName = Release;
		};
/* End XCConfigurationList section */
	};
	rootObject = 0F1E2D3C4B5A000000000001 /* Project object */;
}
